
Microsoft Visual Studio Solution File, Format Version 12.00
# Visual Studio Version 16
VisualStudioVersion = 16.0.29728.190
MinimumVisualStudioVersion = 10.0.40219.1
Project("{FAE04EC0-301F-11D3-BF4B-00C04F79EFBC}") = "QuickBuy.Dominio", "QuickBuy\QuickBuy.Dominio.csproj", "{BB87C596-EDB0-4AAB-95F8-9D8292B21E13}"
EndProject
Project("{FAE04EC0-301F-11D3-BF4B-00C04F79EFBC}") = "QuickBuy.Repositorio", "QuickBuy.Repositorio\QuickBuy.Repositorio.csproj", "{0821FAB5-F15A-48C2-ACEF-D7E4E6C83802}"
EndProject
Project("{FAE04EC0-301F-11D3-BF4B-00C04F79EFBC}") = "QuickBuy.Web", "QuickBuy.Web\QuickBuy.Web.csproj", "{29AF0B97-564B-48DC-80D2-495D5FFEF31F}"
EndProject
Global
	GlobalSection(SolutionConfigurationPlatforms) = preSolution
		Debug|Any CPU = Debug|Any CPU
		Release|Any CPU = Release|Any CPU
	EndGlobalSection
	GlobalSection(ProjectConfigurationPlatforms) = postSolution
		{BB87C596-EDB0-4AAB-95F8-9D8292B21E13}.Debug|Any CPU.ActiveCfg = Debug|Any CPU
		{BB87C596-EDB0-4AAB-95F8-9D8292B21E13}.Debug|Any CPU.Build.0 = Debug|Any CPU
		{BB87C596-EDB0-4AAB-95F8-9D8292B21E13}.Release|Any CPU.ActiveCfg = Release|Any CPU
		{BB87C596-EDB0-4AAB-95F8-9D8292B21E13}.Release|Any CPU.Build.0 = Release|Any CPU
		{0821FAB5-F15A-48C2-ACEF-D7E4E6C83802}.Debug|Any CPU.ActiveCfg = Debug|Any CPU
		{0821FAB5-F15A-48C2-ACEF-D7E4E6C83802}.Debug|Any CPU.Build.0 = Debug|Any CPU
		{0821FAB5-F15A-48C2-ACEF-D7E4E6C83802}.Release|Any CPU.ActiveCfg = Release|Any CPU
		{0821FAB5-F15A-48C2-ACEF-D7E4E6C83802}.Release|Any CPU.Build.0 = Release|Any CPU
		{29AF0B97-564B-48DC-80D2-495D5FFEF31F}.Debug|Any CPU.ActiveCfg = Debug|Any CPU
		{29AF0B97-564B-48DC-80D2-495D5FFEF31F}.Debug|Any CPU.Build.0 = Debug|Any CPU
		{29AF0B97-564B-48DC-80D2-495D5FFEF31F}.Release|Any CPU.ActiveCfg = Release|Any CPU
		{29AF0B97-564B-48DC-80D2-495D5FFEF31F}.Release|Any CPU.Build.0 = Release|Any CPU
	EndGlobalSection
	GlobalSection(SolutionProperties) = preSolution
		HideSolutionNode = FALSE
	EndGlobalSection
	GlobalSection(ExtensibilityGlobals) = postSolution
		SolutionGuid = {602063F5-9ECC-4C35-BA5F-3EE3E1385F47}
	EndGlobalSection
EndGlobal
